
Microsoft Visual Studio Solution File, Format Version 12.00
# Visual Studio Version 17
VisualStudioVersion = 17.14.36202.13 d17.14
MinimumVisualStudioVersion = 10.0.40219.1
Project("{FAE04EC0-301F-11D3-BF4B-00C04F79EFBC}") = "Lager system", "Lager system.csproj", "{C130C704-F461-4290-9859-BE4E773C8F9A}"
EndProject
Global
	GlobalSection(SolutionConfigurationPlatforms) = preSolution
		Debug|Any CPU = Debug|Any CPU
		Release|Any CPU = Release|Any CPU
	EndGlobalSection
	GlobalSection(ProjectConfigurationPlatforms) = postSolution
		{C130C704-F461-4290-9859-BE4E773C8F9A}.Debug|Any CPU.ActiveCfg = Debug|Any CPU
		{C130C704-F461-4290-9859-BE4E773C8F9A}.Debug|Any CPU.Build.0 = Debug|Any CPU
		{C130C704-F461-4290-9859-BE4E773C8F9A}.Release|Any CPU.ActiveCfg = Release|Any CPU
		{C130C704-F461-4290-9859-BE4E773C8F9A}.Release|Any CPU.Build.0 = Release|Any CPU
	EndGlobalSection
	GlobalSection(SolutionProperties) = preSolution
		HideSolutionNode = FALSE
	EndGlobalSection
	GlobalSection(ExtensibilityGlobals) = postSolution
		SolutionGuid = {5E848DC5-29A3-49FB-9A91-6825AFECAFD8}
	EndGlobalSection
EndGlobal
