
Microsoft Visual Studio Solution File, Format Version 12.00
# Visual Studio Version 17
VisualStudioVersion = 17.14.36202.13 d17.14
MinimumVisualStudioVersion = 10.0.40219.1
Project("{FAE04EC0-301F-11D3-BF4B-00C04F79EFBC}") = "FindNumber", "FindNumber.csproj", "{4F8FB75E-EA8E-497B-8A60-4594577AD4A6}"
EndProject
Global
	GlobalSection(SolutionConfigurationPlatforms) = preSolution
		Debug|Any CPU = Debug|Any CPU
		Release|Any CPU = Release|Any CPU
	EndGlobalSection
	GlobalSection(ProjectConfigurationPlatforms) = postSolution
		{4F8FB75E-EA8E-497B-8A60-4594577AD4A6}.Debug|Any CPU.ActiveCfg = Debug|Any CPU
		{4F8FB75E-EA8E-497B-8A60-4594577AD4A6}.Debug|Any CPU.Build.0 = Debug|Any CPU
		{4F8FB75E-EA8E-497B-8A60-4594577AD4A6}.Release|Any CPU.ActiveCfg = Release|Any CPU
		{4F8FB75E-EA8E-497B-8A60-4594577AD4A6}.Release|Any CPU.Build.0 = Release|Any CPU
	EndGlobalSection
	GlobalSection(SolutionProperties) = preSolution
		HideSolutionNode = FALSE
	EndGlobalSection
	GlobalSection(ExtensibilityGlobals) = postSolution
		SolutionGuid = {94398F89-2D26-4C9A-85EB-12290CA30CA8}
	EndGlobalSection
EndGlobal
