
Microsoft Visual Studio Solution File, Format Version 12.00
# Visual Studio Version 17
VisualStudioVersion = 17.13.35931.197 d17.13
MinimumVisualStudioVersion = 10.0.40219.1
Project("{FAE04EC0-301F-11D3-BF4B-00C04F79EFBC}") = "practice", "practice.csproj", "{B63C10A3-B8A9-4E15-978E-EC8539B46951}"
EndProject
Global
	GlobalSection(SolutionConfigurationPlatforms) = preSolution
		Debug|Any CPU = Debug|Any CPU
		Release|Any CPU = Release|Any CPU
	EndGlobalSection
	GlobalSection(ProjectConfigurationPlatforms) = postSolution
		{B63C10A3-B8A9-4E15-978E-EC8539B46951}.Debug|Any CPU.ActiveCfg = Debug|Any CPU
		{B63C10A3-B8A9-4E15-978E-EC8539B46951}.Debug|Any CPU.Build.0 = Debug|Any CPU
		{B63C10A3-B8A9-4E15-978E-EC8539B46951}.Release|Any CPU.ActiveCfg = Release|Any CPU
		{B63C10A3-B8A9-4E15-978E-EC8539B46951}.Release|Any CPU.Build.0 = Release|Any CPU
	EndGlobalSection
	GlobalSection(SolutionProperties) = preSolution
		HideSolutionNode = FALSE
	EndGlobalSection
	GlobalSection(ExtensibilityGlobals) = postSolution
		SolutionGuid = {6468E203-DCE8-4A44-90DA-459A1EAC3AE5}
	EndGlobalSection
EndGlobal
