
Microsoft Visual Studio Solution File, Format Version 12.00
# Visual Studio Version 17
VisualStudioVersion = 17.14.36202.13 d17.14
MinimumVisualStudioVersion = 10.0.40219.1
Project("{FAE04EC0-301F-11D3-BF4B-00C04F79EFBC}") = "Shape control system", "Shape control system.csproj", "{E1417632-01EA-49B9-82C2-8BD1B9C5B4EA}"
EndProject
Global
	GlobalSection(SolutionConfigurationPlatforms) = preSolution
		Debug|Any CPU = Debug|Any CPU
		Release|Any CPU = Release|Any CPU
	EndGlobalSection
	GlobalSection(ProjectConfigurationPlatforms) = postSolution
		{E1417632-01EA-49B9-82C2-8BD1B9C5B4EA}.Debug|Any CPU.ActiveCfg = Debug|Any CPU
		{E1417632-01EA-49B9-82C2-8BD1B9C5B4EA}.Debug|Any CPU.Build.0 = Debug|Any CPU
		{E1417632-01EA-49B9-82C2-8BD1B9C5B4EA}.Release|Any CPU.ActiveCfg = Release|Any CPU
		{E1417632-01EA-49B9-82C2-8BD1B9C5B4EA}.Release|Any CPU.Build.0 = Release|Any CPU
	EndGlobalSection
	GlobalSection(SolutionProperties) = preSolution
		HideSolutionNode = FALSE
	EndGlobalSection
	GlobalSection(ExtensibilityGlobals) = postSolution
		SolutionGuid = {8A067312-D984-4DB4-A1BD-369C599FA0B6}
	EndGlobalSection
EndGlobal
