
Microsoft Visual Studio Solution File, Format Version 12.00
Project("{FAE04EC0-301F-11D3-BF4B-00C04F79EFBC}") = "PP6", "PP6\PP6.csproj", "{FD5711F2-ADAB-442C-A607-E51EF789AB56}"
EndProject
Global
	GlobalSection(SolutionConfigurationPlatforms) = preSolution
		Debug|Any CPU = Debug|Any CPU
		Release|Any CPU = Release|Any CPU
	EndGlobalSection
	GlobalSection(ProjectConfigurationPlatforms) = postSolution
		{FD5711F2-ADAB-442C-A607-E51EF789AB56}.Debug|Any CPU.ActiveCfg = Debug|Any CPU
		{FD5711F2-ADAB-442C-A607-E51EF789AB56}.Debug|Any CPU.Build.0 = Debug|Any CPU
		{FD5711F2-ADAB-442C-A607-E51EF789AB56}.Release|Any CPU.ActiveCfg = Release|Any CPU
		{FD5711F2-ADAB-442C-A607-E51EF789AB56}.Release|Any CPU.Build.0 = Release|Any CPU
	EndGlobalSection
EndGlobal
