
Microsoft Visual Studio Solution File, Format Version 12.00
# Visual Studio Version 17
VisualStudioVersion = 17.14.36202.13 d17.14
MinimumVisualStudioVersion = 10.0.40219.1
Project("{FAE04EC0-301F-11D3-BF4B-00C04F79EFBC}") = "PP7", "PP7.csproj", "{0F951699-A732-4C99-A1B3-25888D04560C}"
EndProject
Global
	GlobalSection(SolutionConfigurationPlatforms) = preSolution
		Debug|Any CPU = Debug|Any CPU
		Release|Any CPU = Release|Any CPU
	EndGlobalSection
	GlobalSection(ProjectConfigurationPlatforms) = postSolution
		{0F951699-A732-4C99-A1B3-25888D04560C}.Debug|Any CPU.ActiveCfg = Debug|Any CPU
		{0F951699-A732-4C99-A1B3-25888D04560C}.Debug|Any CPU.Build.0 = Debug|Any CPU
		{0F951699-A732-4C99-A1B3-25888D04560C}.Release|Any CPU.ActiveCfg = Release|Any CPU
		{0F951699-A732-4C99-A1B3-25888D04560C}.Release|Any CPU.Build.0 = Release|Any CPU
	EndGlobalSection
	GlobalSection(SolutionProperties) = preSolution
		HideSolutionNode = FALSE
	EndGlobalSection
	GlobalSection(ExtensibilityGlobals) = postSolution
		SolutionGuid = {7BE29C9A-8C8B-483F-9A14-FF133C5E300B}
	EndGlobalSection
EndGlobal
