
Microsoft Visual Studio Solution File, Format Version 12.00
# Visual Studio Version 17
VisualStudioVersion = 17.14.36202.13 d17.14
MinimumVisualStudioVersion = 10.0.40219.1
Project("{FAE04EC0-301F-11D3-BF4B-00C04F79EFBC}") = "WindowsSignIn", "WindowsSignIn.csproj", "{D06004C7-043F-4776-A550-E758DA1D1D39}"
EndProject
Global
	GlobalSection(SolutionConfigurationPlatforms) = preSolution
		Debug|Any CPU = Debug|Any CPU
		Release|Any CPU = Release|Any CPU
	EndGlobalSection
	GlobalSection(ProjectConfigurationPlatforms) = postSolution
		{D06004C7-043F-4776-A550-E758DA1D1D39}.Debug|Any CPU.ActiveCfg = Debug|Any CPU
		{D06004C7-043F-4776-A550-E758DA1D1D39}.Debug|Any CPU.Build.0 = Debug|Any CPU
		{D06004C7-043F-4776-A550-E758DA1D1D39}.Release|Any CPU.ActiveCfg = Release|Any CPU
		{D06004C7-043F-4776-A550-E758DA1D1D39}.Release|Any CPU.Build.0 = Release|Any CPU
	EndGlobalSection
	GlobalSection(SolutionProperties) = preSolution
		HideSolutionNode = FALSE
	EndGlobalSection
	GlobalSection(ExtensibilityGlobals) = postSolution
		SolutionGuid = {015328BB-CDCD-484F-87B6-EAB563480283}
	EndGlobalSection
EndGlobal
