
Microsoft Visual Studio Solution File, Format Version 12.00
# Visual Studio Version 17
VisualStudioVersion = 17.13.35931.197 d17.13
MinimumVisualStudioVersion = 10.0.40219.1
Project("{FAE04EC0-301F-11D3-BF4B-00C04F79EFBC}") = "oppgave2", "oppgave2.csproj", "{64E3B81F-628E-407B-B7E8-CC9B2531D127}"
EndProject
Global
	GlobalSection(SolutionConfigurationPlatforms) = preSolution
		Debug|Any CPU = Debug|Any CPU
		Release|Any CPU = Release|Any CPU
	EndGlobalSection
	GlobalSection(ProjectConfigurationPlatforms) = postSolution
		{64E3B81F-628E-407B-B7E8-CC9B2531D127}.Debug|Any CPU.ActiveCfg = Debug|Any CPU
		{64E3B81F-628E-407B-B7E8-CC9B2531D127}.Debug|Any CPU.Build.0 = Debug|Any CPU
		{64E3B81F-628E-407B-B7E8-CC9B2531D127}.Release|Any CPU.ActiveCfg = Release|Any CPU
		{64E3B81F-628E-407B-B7E8-CC9B2531D127}.Release|Any CPU.Build.0 = Release|Any CPU
	EndGlobalSection
	GlobalSection(SolutionProperties) = preSolution
		HideSolutionNode = FALSE
	EndGlobalSection
	GlobalSection(ExtensibilityGlobals) = postSolution
		SolutionGuid = {8F32DFF5-8EE9-4F54-924D-01751D93E29C}
	EndGlobalSection
EndGlobal
